// !$*UTF8*$!
{
	archiveVersion = 1;
	classes = {
	};
	objectVersion = 56;
	objects = {

/* Begin PBXBuildFile section */
		805F49D9296D6BFF00E9AE08 /* AppDelegate.swift in Sources */ = {isa = PBXBuildFile; fileRef = 805F49D8296D6BFF00E9AE08 /* AppDelegate.swift */; };
		805F49DB296D6BFF00E9AE08 /* SceneDelegate.swift in Sources */ = {isa = PBXBuildFile; fileRef = 805F49DA296D6BFF00E9AE08 /* SceneDelegate.swift */; };
		805F49DD296D6BFF00E9AE08 /* RMTabBarController.swift in Sources */ = {isa = PBXBuildFile; fileRef = 805F49DC296D6BFF00E9AE08 /* RMTabBarController.swift */; };
		805F49E2296D6C0000E9AE08 /* Assets.xcassets in Resources */ = {isa = PBXBuildFile; fileRef = 805F49E1296D6C0000E9AE08 /* Assets.xcassets */; };
		805F49E5296D6C0000E9AE08 /* LaunchScreen.storyboard in Resources */ = {isa = PBXBuildFile; fileRef = 805F49E3296D6C0000E9AE08 /* LaunchScreen.storyboard */; };
		805F49F4296D734300E9AE08 /* RMLocation.swift in Sources */ = {isa = PBXBuildFile; fileRef = 805F49F3296D734300E9AE08 /* RMLocation.swift */; };
		805F49F6296D735B00E9AE08 /* RMCharacter.swift in Sources */ = {isa = PBXBuildFile; fileRef = 805F49F5296D735B00E9AE08 /* RMCharacter.swift */; };
		805F49F8296D736D00E9AE08 /* RMEpisode.swift in Sources */ = {isa = PBXBuildFile; fileRef = 805F49F7296D736D00E9AE08 /* RMEpisode.swift */; };
		805F49FB296D74C800E9AE08 /* RMCharacterViewController.swift in Sources */ = {isa = PBXBuildFile; fileRef = 805F49FA296D74C800E9AE08 /* RMCharacterViewController.swift */; };
		805F49FD296D74E100E9AE08 /* RMLocationViewController.swift in Sources */ = {isa = PBXBuildFile; fileRef = 805F49FC296D74E100E9AE08 /* RMLocationViewController.swift */; };
		805F49FF296D74FA00E9AE08 /* RMEpisodeViewController.swift in Sources */ = {isa = PBXBuildFile; fileRef = 805F49FE296D74FA00E9AE08 /* RMEpisodeViewController.swift */; };
		805F4A01296D750D00E9AE08 /* RMSettingsViewController.swift in Sources */ = {isa = PBXBuildFile; fileRef = 805F4A00296D750D00E9AE08 /* RMSettingsViewController.swift */; };
/* End PBXBuildFile section */

/* Begin PBXFileReference section */
		805F49D5296D6BFF00E9AE08 /* RickAndMorty.app */ = {isa = PBXFileReference; explicitFileType = wrapper.application; includeInIndex = 0; path = RickAndMorty.app; sourceTree = BUILT_PRODUCTS_DIR; };
		805F49D8296D6BFF00E9AE08 /* AppDelegate.swift */ = {isa = PBXFileReference; lastKnownFileType = sourcecode.swift; path = AppDelegate.swift; sourceTree = "<group>"; };
		805F49DA296D6BFF00E9AE08 /* SceneDelegate.swift */ = {isa = PBXFileReference; lastKnownFileType = sourcecode.swift; path = SceneDelegate.swift; sourceTree = "<group>"; };
		805F49DC296D6BFF00E9AE08 /* RMTabBarController.swift */ = {isa = PBXFileReference; lastKnownFileType = sourcecode.swift; path = RMTabBarController.swift; sourceTree = "<group>"; };
		805F49E1296D6C0000E9AE08 /* Assets.xcassets */ = {isa = PBXFileReference; lastKnownFileType = folder.assetcatalog; path = Assets.xcassets; sourceTree = "<group>"; };
		805F49E4296D6C0000E9AE08 /* Base */ = {isa = PBXFileReference; lastKnownFileType = file.storyboard; name = Base; path = Base.lproj/LaunchScreen.storyboard; sourceTree = "<group>"; };
		805F49E6296D6C0000E9AE08 /* Info.plist */ = {isa = PBXFileReference; lastKnownFileType = text.plist.xml; path = Info.plist; sourceTree = "<group>"; };
		805F49F3296D734300E9AE08 /* RMLocation.swift */ = {isa = PBXFileReference; lastKnownFileType = sourcecode.swift; path = RMLocation.swift; sourceTree = "<group>"; };
		805F49F5296D735B00E9AE08 /* RMCharacter.swift */ = {isa = PBXFileReference; lastKnownFileType = sourcecode.swift; path = RMCharacter.swift; sourceTree = "<group>"; };
		805F49F7296D736D00E9AE08 /* RMEpisode.swift */ = {isa = PBXFileReference; lastKnownFileType = sourcecode.swift; path = RMEpisode.swift; sourceTree = "<group>"; };
		805F49FA296D74C800E9AE08 /* RMCharacterViewController.swift */ = {isa = PBXFileReference; lastKnownFileType = sourcecode.swift; path = RMCharacterViewController.swift; sourceTree = "<group>"; };
		805F49FC296D74E100E9AE08 /* RMLocationViewController.swift */ = {isa = PBXFileReference; lastKnownFileType = sourcecode.swift; path = RMLocationViewController.swift; sourceTree = "<group>"; };
		805F49FE296D74FA00E9AE08 /* RMEpisodeViewController.swift */ = {isa = PBXFileReference; lastKnownFileType = sourcecode.swift; path = RMEpisodeViewController.swift; sourceTree = "<group>"; };
		805F4A00296D750D00E9AE08 /* RMSettingsViewController.swift */ = {isa = PBXFileReference; lastKnownFileType = sourcecode.swift; path = RMSettingsViewController.swift; sourceTree = "<group>"; };
/* End PBXFileReference section */

/* Begin PBXFrameworksBuildPhase section */
		805F49D2296D6BFF00E9AE08 /* Frameworks */ = {
			isa = PBXFrameworksBuildPhase;
			buildActionMask = 2147483647;
			files = (
			);
			runOnlyForDeploymentPostprocessing = 0;
		};
/* End PBXFrameworksBuildPhase section */

/* Begin PBXGroup section */
		805F49CC296D6BFE00E9AE08 = {
			isa = PBXGroup;
			children = (
				805F49D7296D6BFF00E9AE08 /* RickAndMorty */,
				805F49D6296D6BFF00E9AE08 /* Products */,
			);
			sourceTree = "<group>";
		};
		805F49D6296D6BFF00E9AE08 /* Products */ = {
			isa = PBXGroup;
			children = (
				805F49D5296D6BFF00E9AE08 /* RickAndMorty.app */,
			);
			name = Products;
			sourceTree = "<group>";
		};
		805F49D7296D6BFF00E9AE08 /* RickAndMorty */ = {
			isa = PBXGroup;
			children = (
				805F49F2296D72BC00E9AE08 /* Resources */,
				805F49F1296D72B500E9AE08 /* Managers */,
				805F49F0296D72AB00E9AE08 /* APIClient */,
				805F49EF296D729400E9AE08 /* ViewModels */,
				805F49EE296D728400E9AE08 /* Views */,
				805F49ED296D727900E9AE08 /* Models */,
				805F49EC296D726200E9AE08 /* Controllers */,
				805F49E6296D6C0000E9AE08 /* Info.plist */,
			);
			path = RickAndMorty;
			sourceTree = "<group>";
		};
		805F49EC296D726200E9AE08 /* Controllers */ = {
			isa = PBXGroup;
			children = (
				805F49F9296D743300E9AE08 /* Core */,
			);
			path = Controllers;
			sourceTree = "<group>";
		};
		805F49ED296D727900E9AE08 /* Models */ = {
			isa = PBXGroup;
			children = (
				805F49F3296D734300E9AE08 /* RMLocation.swift */,
				805F49F5296D735B00E9AE08 /* RMCharacter.swift */,
				805F49F7296D736D00E9AE08 /* RMEpisode.swift */,
			);
			path = Models;
			sourceTree = "<group>";
		};
		805F49EE296D728400E9AE08 /* Views */ = {
			isa = PBXGroup;
			children = (
			);
			path = Views;
			sourceTree = "<group>";
		};
		805F49EF296D729400E9AE08 /* ViewModels */ = {
			isa = PBXGroup;
			children = (
			);
			path = ViewModels;
			sourceTree = "<group>";
		};
		805F49F0296D72AB00E9AE08 /* APIClient */ = {
			isa = PBXGroup;
			children = (
			);
			path = APIClient;
			sourceTree = "<group>";
		};
		805F49F1296D72B500E9AE08 /* Managers */ = {
			isa = PBXGroup;
			children = (
			);
			path = Managers;
			sourceTree = "<group>";
		};
		805F49F2296D72BC00E9AE08 /* Resources */ = {
			isa = PBXGroup;
			children = (
				805F49E1296D6C0000E9AE08 /* Assets.xcassets */,
				805F49E3296D6C0000E9AE08 /* LaunchScreen.storyboard */,
				805F49D8296D6BFF00E9AE08 /* AppDelegate.swift */,
				805F49DA296D6BFF00E9AE08 /* SceneDelegate.swift */,
			);
			path = Resources;
			sourceTree = "<group>";
		};
		805F49F9296D743300E9AE08 /* Core */ = {
			isa = PBXGroup;
			children = (
				805F49DC296D6BFF00E9AE08 /* RMTabBarController.swift */,
				805F49FA296D74C800E9AE08 /* RMCharacterViewController.swift */,
				805F49FC296D74E100E9AE08 /* RMLocationViewController.swift */,
				805F49FE296D74FA00E9AE08 /* RMEpisodeViewController.swift */,
				805F4A00296D750D00E9AE08 /* RMSettingsViewController.swift */,
			);
			path = Core;
			sourceTree = "<group>";
		};
/* End PBXGroup section */

/* Begin PBXNativeTarget section */
		805F49D4296D6BFF00E9AE08 /* RickAndMorty */ = {
			isa = PBXNativeTarget;
			buildConfigurationList = 805F49E9296D6C0000E9AE08 /* Build configuration list for PBXNativeTarget "RickAndMorty" */;
			buildPhases = (
				805F49D1296D6BFF00E9AE08 /* Sources */,
				805F49D2296D6BFF00E9AE08 /* Frameworks */,
				805F49D3296D6BFF00E9AE08 /* Resources */,
			);
			buildRules = (
			);
			dependencies = (
			);
			name = RickAndMorty;
			productName = RickAndMorty;
			productReference = 805F49D5296D6BFF00E9AE08 /* RickAndMorty.app */;
			productType = "com.apple.product-type.application";
		};
/* End PBXNativeTarget section */

/* Begin PBXProject section */
		805F49CD296D6BFF00E9AE08 /* Project object */ = {
			isa = PBXProject;
			attributes = {
				BuildIndependentTargetsInParallel = 1;
				LastSwiftUpdateCheck = 1420;
				LastUpgradeCheck = 1420;
				TargetAttributes = {
					805F49D4296D6BFF00E9AE08 = {
						CreatedOnToolsVersion = 14.2;
					};
				};
			};
			buildConfigurationList = 805F49D0296D6BFF00E9AE08 /* Build configuration list for PBXProject "RickAndMorty" */;
			compatibilityVersion = "Xcode 14.0";
			developmentRegion = en;
			hasScannedForEncodings = 0;
			knownRegions = (
				en,
				Base,
			);
			mainGroup = 805F49CC296D6BFE00E9AE08;
			productRefGroup = 805F49D6296D6BFF00E9AE08 /* Products */;
			projectDirPath = "";
			projectRoot = "";
			targets = (
				805F49D4296D6BFF00E9AE08 /* RickAndMorty */,
			);
		};
/* End PBXProject section */

/* Begin PBXResourcesBuildPhase section */
		805F49D3296D6BFF00E9AE08 /* Resources */ = {
			isa = PBXResourcesBuildPhase;
			buildActionMask = 2147483647;
			files = (
				805F49E5296D6C0000E9AE08 /* LaunchScreen.storyboard in Resources */,
				805F49E2296D6C0000E9AE08 /* Assets.xcassets in Resources */,
			);
			runOnlyForDeploymentPostprocessing = 0;
		};
/* End PBXResourcesBuildPhase section */

/* Begin PBXSourcesBuildPhase section */
		805F49D1296D6BFF00E9AE08 /* Sources */ = {
			isa = PBXSourcesBuildPhase;
			buildActionMask = 2147483647;
			files = (
				805F49FD296D74E100E9AE08 /* RMLocationViewController.swift in Sources */,
				805F49F8296D736D00E9AE08 /* RMEpisode.swift in Sources */,
				805F49DD296D6BFF00E9AE08 /* RMTabBarController.swift in Sources */,
				805F49FF296D74FA00E9AE08 /* RMEpisodeViewController.swift in Sources */,
				805F49D9296D6BFF00E9AE08 /* AppDelegate.swift in Sources */,
				805F49DB296D6BFF00E9AE08 /* SceneDelegate.swift in Sources */,
				805F4A01296D750D00E9AE08 /* RMSettingsViewController.swift in Sources */,
				805F49F4296D734300E9AE08 /* RMLocation.swift in Sources */,
				805F49F6296D735B00E9AE08 /* RMCharacter.swift in Sources */,
				805F49FB296D74C800E9AE08 /* RMCharacterViewController.swift in Sources */,
			);
			runOnlyForDeploymentPostprocessing = 0;
		};
/* End PBXSourcesBuildPhase section */

/* Begin PBXVariantGroup section */
		805F49E3296D6C0000E9AE08 /* LaunchScreen.storyboard */ = {
			isa = PBXVariantGroup;
			children = (
				805F49E4296D6C0000E9AE08 /* Base */,
			);
			name = LaunchScreen.storyboard;
			sourceTree = "<group>";
		};
/* End PBXVariantGroup section */

/* Begin XCBuildConfiguration section */
		805F49E7296D6C0000E9AE08 /* Debug */ = {
			isa = XCBuildConfiguration;
			buildSettings = {
				ALWAYS_SEARCH_USER_PATHS = NO;
				CLANG_ANALYZER_NONNULL = YES;
				CLANG_ANALYZER_NUMBER_OBJECT_CONVERSION = YES_AGGRESSIVE;
				CLANG_CXX_LANGUAGE_STANDARD = "gnu++20";
				CLANG_ENABLE_MODULES = YES;
				CLANG_ENABLE_OBJC_ARC = YES;
				CLANG_ENABLE_OBJC_WEAK = YES;
				CLANG_WARN_BLOCK_CAPTURE_AUTORELEASING = YES;
				CLANG_WARN_BOOL_CONVERSION = YES;
				CLANG_WARN_COMMA = YES;
				CLANG_WARN_CONSTANT_CONVERSION = YES;
				CLANG_WARN_DEPRECATED_OBJC_IMPLEMENTATIONS = YES;
				CLANG_WARN_DIRECT_OBJC_ISA_USAGE = YES_ERROR;
				CLANG_WARN_DOCUMENTATION_COMMENTS = YES;
				CLANG_WARN_EMPTY_BODY = YES;
				CLANG_WARN_ENUM_CONVERSION = YES;
				CLANG_WARN_INFINITE_RECURSION = YES;
				CLANG_WARN_INT_CONVERSION = YES;
				CLANG_WARN_NON_LITERAL_NULL_CONVERSION = YES;
				CLANG_WARN_OBJC_IMPLICIT_RETAIN_SELF = YES;
				CLANG_WARN_OBJC_LITERAL_CONVERSION = YES;
				CLANG_WARN_OBJC_ROOT_CLASS = YES_ERROR;
				CLANG_WARN_QUOTED_INCLUDE_IN_FRAMEWORK_HEADER = YES;
				CLANG_WARN_RANGE_LOOP_ANALYSIS = YES;
				CLANG_WARN_STRICT_PROTOTYPES = YES;
				CLANG_WARN_SUSPICIOUS_MOVE = YES;
				CLANG_WARN_UNGUARDED_AVAILABILITY = YES_AGGRESSIVE;
				CLANG_WARN_UNREACHABLE_CODE = YES;
				CLANG_WARN__DUPLICATE_METHOD_MATCH = YES;
				COPY_PHASE_STRIP = NO;
				DEBUG_INFORMATION_FORMAT = dwarf;
				ENABLE_STRICT_OBJC_MSGSEND = YES;
				ENABLE_TESTABILITY = YES;
				GCC_C_LANGUAGE_STANDARD = gnu11;
				GCC_DYNAMIC_NO_PIC = NO;
				GCC_NO_COMMON_BLOCKS = YES;
				GCC_OPTIMIZATION_LEVEL = 0;
				GCC_PREPROCESSOR_DEFINITIONS = (
					"DEBUG=1",
					"$(inherited)",
				);
				GCC_WARN_64_TO_32_BIT_CONVERSION = YES;
				GCC_WARN_ABOUT_RETURN_TYPE = YES_ERROR;
				GCC_WARN_UNDECLARED_SELECTOR = YES;
				GCC_WARN_UNINITIALIZED_AUTOS = YES_AGGRESSIVE;
				GCC_WARN_UNUSED_FUNCTION = YES;
				GCC_WARN_UNUSED_VARIABLE = YES;
				IPHONEOS_DEPLOYMENT_TARGET = 16.2;
				MTL_ENABLE_DEBUG_INFO = INCLUDE_SOURCE;
				MTL_FAST_MATH = YES;
				ONLY_ACTIVE_ARCH = YES;
				SDKROOT = iphoneos;
				SWIFT_ACTIVE_COMPILATION_CONDITIONS = DEBUG;
				SWIFT_OPTIMIZATION_LEVEL = "-Onone";
			};
			name = Debug;
		};
		805F49E8296D6C0000E9AE08 /* Release */ = {
			isa = XCBuildConfiguration;
			buildSettings = {
				ALWAYS_SEARCH_USER_PATHS = NO;
				CLANG_ANALYZER_NONNULL = YES;
				CLANG_ANALYZER_NUMBER_OBJECT_CONVERSION = YES_AGGRESSIVE;
				CLANG_CXX_LANGUAGE_STANDARD = "gnu++20";
				CLANG_ENABLE_MODULES = YES;
				CLANG_ENABLE_OBJC_ARC = YES;
				CLANG_ENABLE_OBJC_WEAK = YES;
				CLANG_WARN_BLOCK_CAPTURE_AUTORELEASING = YES;
				CLANG_WARN_BOOL_CONVERSION = YES;
				CLANG_WARN_COMMA = YES;
				CLANG_WARN_CONSTANT_CONVERSION = YES;
				CLANG_WARN_DEPRECATED_OBJC_IMPLEMENTATIONS = YES;
				CLANG_WARN_DIRECT_OBJC_ISA_USAGE = YES_ERROR;
				CLANG_WARN_DOCUMENTATION_COMMENTS = YES;
				CLANG_WARN_EMPTY_BODY = YES;
				CLANG_WARN_ENUM_CONVERSION = YES;
				CLANG_WARN_INFINITE_RECURSION = YES;
				CLANG_WARN_INT_CONVERSION = YES;
				CLANG_WARN_NON_LITERAL_NULL_CONVERSION = YES;
				CLANG_WARN_OBJC_IMPLICIT_RETAIN_SELF = YES;
				CLANG_WARN_OBJC_LITERAL_CONVERSION = YES;
				CLANG_WARN_OBJC_ROOT_CLASS = YES_ERROR;
				CLANG_WARN_QUOTED_INCLUDE_IN_FRAMEWORK_HEADER = YES;
				CLANG_WARN_RANGE_LOOP_ANALYSIS = YES;
				CLANG_WARN_STRICT_PROTOTYPES = YES;
				CLANG_WARN_SUSPICIOUS_MOVE = YES;
				CLANG_WARN_UNGUARDED_AVAILABILITY = YES_AGGRESSIVE;
				CLANG_WARN_UNREACHABLE_CODE = YES;
				CLANG_WARN__DUPLICATE_METHOD_MATCH = YES;
				COPY_PHASE_STRIP = NO;
				DEBUG_INFORMATION_FORMAT = "dwarf-with-dsym";
				ENABLE_NS_ASSERTIONS = NO;
				ENABLE_STRICT_OBJC_MSGSEND = YES;
				GCC_C_LANGUAGE_STANDARD = gnu11;
				GCC_NO_COMMON_BLOCKS = YES;
				GCC_WARN_64_TO_32_BIT_CONVERSION = YES;
				GCC_WARN_ABOUT_RETURN_TYPE = YES_ERROR;
				GCC_WARN_UNDECLARED_SELECTOR = YES;
				GCC_WARN_UNINITIALIZED_AUTOS = YES_AGGRESSIVE;
				GCC_WARN_UNUSED_FUNCTION = YES;
				GCC_WARN_UNUSED_VARIABLE = YES;
				IPHONEOS_DEPLOYMENT_TARGET = 16.2;
				MTL_ENABLE_DEBUG_INFO = NO;
				MTL_FAST_MATH = YES;
				SDKROOT = iphoneos;
				SWIFT_COMPILATION_MODE = wholemodule;
				SWIFT_OPTIMIZATION_LEVEL = "-O";
				VALIDATE_PRODUCT = YES;
			};
			name = Release;
		};
		805F49EA296D6C0000E9AE08 /* Debug */ = {
			isa = XCBuildConfiguration;
			buildSettings = {
				ASSETCATALOG_COMPILER_APPICON_NAME = AppIcon;
				ASSETCATALOG_COMPILER_GLOBAL_ACCENT_COLOR_NAME = AccentColor;
				CODE_SIGN_STYLE = Automatic;
				CURRENT_PROJECT_VERSION = 1;
				DEVELOPMENT_TEAM = 2UXG7R8DQC;
				GENERATE_INFOPLIST_FILE = YES;
				INFOPLIST_FILE = RickAndMorty/Info.plist;
				INFOPLIST_KEY_UIApplicationSupportsIndirectInputEvents = YES;
				INFOPLIST_KEY_UILaunchStoryboardName = LaunchScreen;
				INFOPLIST_KEY_UISupportedInterfaceOrientations_iPad = "UIInterfaceOrientationPortrait UIInterfaceOrientationPortraitUpsideDown UIInterfaceOrientationLandscapeLeft UIInterfaceOrientationLandscapeRight";
				INFOPLIST_KEY_UISupportedInterfaceOrientations_iPhone = "UIInterfaceOrientationPortrait UIInterfaceOrientationLandscapeLeft UIInterfaceOrientationLandscapeRight";
				LD_RUNPATH_SEARCH_PATHS = (
					"$(inherited)",
					"@executable_path/Frameworks",
				);
				MARKETING_VERSION = 1.0;
				PRODUCT_BUNDLE_IDENTIFIER = AndreDippenaar.RickAndMorty;
				PRODUCT_NAME = "$(TARGET_NAME)";
				SWIFT_EMIT_LOC_STRINGS = YES;
				SWIFT_VERSION = 5.0;
				TARGETED_DEVICE_FAMILY = "1,2";
			};
			name = Debug;
		};
		805F49EB296D6C0000E9AE08 /* Release */ = {
			isa = XCBuildConfiguration;
			buildSettings = {
				ASSETCATALOG_COMPILER_APPICON_NAME = AppIcon;
				ASSETCATALOG_COMPILER_GLOBAL_ACCENT_COLOR_NAME = AccentColor;
				CODE_SIGN_STYLE = Automatic;
				CURRENT_PROJECT_VERSION = 1;
				DEVELOPMENT_TEAM = 2UXG7R8DQC;
				GENERATE_INFOPLIST_FILE = YES;
				INFOPLIST_FILE = RickAndMorty/Info.plist;
				INFOPLIST_KEY_UIApplicationSupportsIndirectInputEvents = YES;
				INFOPLIST_KEY_UILaunchStoryboardName = LaunchScreen;
				INFOPLIST_KEY_UISupportedInterfaceOrientations_iPad = "UIInterfaceOrientationPortrait UIInterfaceOrientationPortraitUpsideDown UIInterfaceOrientationLandscapeLeft UIInterfaceOrientationLandscapeRight";
				INFOPLIST_KEY_UISupportedInterfaceOrientations_iPhone = "UIInterfaceOrientationPortrait UIInterfaceOrientationLandscapeLeft UIInterfaceOrientationLandscapeRight";
				LD_RUNPATH_SEARCH_PATHS = (
					"$(inherited)",
					"@executable_path/Frameworks",
				);
				MARKETING_VERSION = 1.0;
				PRODUCT_BUNDLE_IDENTIFIER = AndreDippenaar.RickAndMorty;
				PRODUCT_NAME = "$(TARGET_NAME)";
				SWIFT_EMIT_LOC_STRINGS = YES;
				SWIFT_VERSION = 5.0;
				TARGETED_DEVICE_FAMILY = "1,2";
			};
			name = Release;
		};
/* End XCBuildConfiguration section */

/* Begin XCConfigurationList section */
		805F49D0296D6BFF00E9AE08 /* Build configuration list for PBXProject "RickAndMorty" */ = {
			isa = XCConfigurationList;
			buildConfigurations = (
				805F49E7296D6C0000E9AE08 /* Debug */,
				805F49E8296D6C0000E9AE08 /* Release */,
			);
			defaultConfigurationIsVisible = 0;
			defaultConfigurationName = Release;
		};
		805F49E9296D6C0000E9AE08 /* Build configuration list for PBXNativeTarget "RickAndMorty" */ = {
			isa = XCConfigurationList;
			buildConfigurations = (
				805F49EA296D6C0000E9AE08 /* Debug */,
				805F49EB296D6C0000E9AE08 /* Release */,
			);
			defaultConfigurationIsVisible = 0;
			defaultConfigurationName = Release;
		};
/* End XCConfigurationList section */
	};
	rootObject = 805F49CD296D6BFF00E9AE08 /* Project object */;
}
